
Microsoft Visual Studio Solution File, Format Version 12.00
# Visual Studio Version 16
VisualStudioVersion = 16.0.28922.388
MinimumVisualStudioVersion = 10.0.40219.1
Project("{9A19103F-16F7-4668-BE54-9A1E7A4F7556}") = "UrlShortener.API", "src\UrlShortener.API\UrlShortener.API.csproj", "{C514FA48-7BB9-4EB3-B26E-EF3FAE25317C}"
EndProject
Project("{9A19103F-16F7-4668-BE54-9A1E7A4F7556}") = "UrlShortener.Services", "src\UrlShortener.Services\UrlShortener.Services.csproj", "{BEAD81D5-65F9-4B2F-9F17-DEF1D28C2A2C}"
EndProject
Project("{9A19103F-16F7-4668-BE54-9A1E7A4F7556}") = "UrlShortener.Repositories", "src\UrlShortener.Repositories\UrlShortener.Repositories.csproj", "{A601847B-144A-4C08-807E-726CE83F9526}"
EndProject
Project("{9A19103F-16F7-4668-BE54-9A1E7A4F7556}") = "UrlShortener.Models", "src\UrlShortener.Models\UrlShortener.Models.csproj", "{061E96AB-63AF-4E88-85BE-E4FACFC832B0}"
EndProject
Project("{9A19103F-16F7-4668-BE54-9A1E7A4F7556}") = "UrlShortener.Infrastructure", "src\UrlShortener.Infrastructure\UrlShortener.Infrastructure.csproj", "{7A47C53A-AFD0-49EC-925A-365C1113F270}"
EndProject
Project("{9A19103F-16F7-4668-BE54-9A1E7A4F7556}") = "UrlShortener.Data", "src\UrlShortener.Data\UrlShortener.Data.csproj", "{08CAD358-BBD8-451A-A368-04A1AB2FEFF6}"
EndProject
Project("{2150E333-8FDC-42A3-9474-1A3956D46DE8}") = "src", "src", "{BB2BDF56-FC94-4F21-90AF-3D2854438658}"
EndProject
Project("{2150E333-8FDC-42A3-9474-1A3956D46DE8}") = "tests", "tests", "{0D6D84C4-0FC2-4C8C-B59F-40B7A7FEFDBE}"
EndProject
Project("{9A19103F-16F7-4668-BE54-9A1E7A4F7556}") = "UrlShortener.Services.Tests", "tests\UrlShortener.Services.Tests\UrlShortener.Services.Tests.csproj", "{55A4B2E3-0067-4EA5-8A9B-83D1B2DD5B69}"
EndProject
Project("{9A19103F-16F7-4668-BE54-9A1E7A4F7556}") = "UrlShortener.Web.Tests", "tests\UrlShortener.Web.Tests\UrlShortener.Web.Tests.csproj", "{39D01625-F1A8-459F-B5B8-BBED2F60B56E}"
EndProject
Project("{2150E333-8FDC-42A3-9474-1A3956D46DE8}") = "Solution Items", "Solution Items", "{707A811E-EC15-4CBC-8E61-84EF35E41A2C}"
	ProjectSection(SolutionItems) = preProject
		.travis.yml = .travis.yml
	EndProjectSection
EndProject
Project("{9A19103F-16F7-4668-BE54-9A1E7A4F7556}") = "UrlShortener.Common.Tests", "tests\UrlShortener.Common.Tests\UrlShortener.Common.Tests.csproj", "{4044233D-3CF1-437D-8994-A1F8939E5E9A}"
EndProject
Global
	GlobalSection(SolutionConfigurationPlatforms) = preSolution
		Debug|Any CPU = Debug|Any CPU
		Release|Any CPU = Release|Any CPU
	EndGlobalSection
	GlobalSection(ProjectConfigurationPlatforms) = postSolution
		{C514FA48-7BB9-4EB3-B26E-EF3FAE25317C}.Debug|Any CPU.ActiveCfg = Debug|Any CPU
		{C514FA48-7BB9-4EB3-B26E-EF3FAE25317C}.Debug|Any CPU.Build.0 = Debug|Any CPU
		{C514FA48-7BB9-4EB3-B26E-EF3FAE25317C}.Release|Any CPU.ActiveCfg = Release|Any CPU
		{C514FA48-7BB9-4EB3-B26E-EF3FAE25317C}.Release|Any CPU.Build.0 = Release|Any CPU
		{BEAD81D5-65F9-4B2F-9F17-DEF1D28C2A2C}.Debug|Any CPU.ActiveCfg = Debug|Any CPU
		{BEAD81D5-65F9-4B2F-9F17-DEF1D28C2A2C}.Debug|Any CPU.Build.0 = Debug|Any CPU
		{BEAD81D5-65F9-4B2F-9F17-DEF1D28C2A2C}.Release|Any CPU.ActiveCfg = Release|Any CPU
		{BEAD81D5-65F9-4B2F-9F17-DEF1D28C2A2C}.Release|Any CPU.Build.0 = Release|Any CPU
		{A601847B-144A-4C08-807E-726CE83F9526}.Debug|Any CPU.ActiveCfg = Debug|Any CPU
		{A601847B-144A-4C08-807E-726CE83F9526}.Debug|Any CPU.Build.0 = Debug|Any CPU
		{A601847B-144A-4C08-807E-726CE83F9526}.Release|Any CPU.ActiveCfg = Release|Any CPU
		{A601847B-144A-4C08-807E-726CE83F9526}.Release|Any CPU.Build.0 = Release|Any CPU
		{061E96AB-63AF-4E88-85BE-E4FACFC832B0}.Debug|Any CPU.ActiveCfg = Debug|Any CPU
		{061E96AB-63AF-4E88-85BE-E4FACFC832B0}.Debug|Any CPU.Build.0 = Debug|Any CPU
		{061E96AB-63AF-4E88-85BE-E4FACFC832B0}.Release|Any CPU.ActiveCfg = Release|Any CPU
		{061E96AB-63AF-4E88-85BE-E4FACFC832B0}.Release|Any CPU.Build.0 = Release|Any CPU
		{7A47C53A-AFD0-49EC-925A-365C1113F270}.Debug|Any CPU.ActiveCfg = Debug|Any CPU
		{7A47C53A-AFD0-49EC-925A-365C1113F270}.Debug|Any CPU.Build.0 = Debug|Any CPU
		{7A47C53A-AFD0-49EC-925A-365C1113F270}.Release|Any CPU.ActiveCfg = Release|Any CPU
		{7A47C53A-AFD0-49EC-925A-365C1113F270}.Release|Any CPU.Build.0 = Release|Any CPU
		{08CAD358-BBD8-451A-A368-04A1AB2FEFF6}.Debug|Any CPU.ActiveCfg = Debug|Any CPU
		{08CAD358-BBD8-451A-A368-04A1AB2FEFF6}.Debug|Any CPU.Build.0 = Debug|Any CPU
		{08CAD358-BBD8-451A-A368-04A1AB2FEFF6}.Release|Any CPU.ActiveCfg = Release|Any CPU
		{08CAD358-BBD8-451A-A368-04A1AB2FEFF6}.Release|Any CPU.Build.0 = Release|Any CPU
		{55A4B2E3-0067-4EA5-8A9B-83D1B2DD5B69}.Debug|Any CPU.ActiveCfg = Debug|Any CPU
		{55A4B2E3-0067-4EA5-8A9B-83D1B2DD5B69}.Debug|Any CPU.Build.0 = Debug|Any CPU
		{55A4B2E3-0067-4EA5-8A9B-83D1B2DD5B69}.Release|Any CPU.ActiveCfg = Release|Any CPU
		{55A4B2E3-0067-4EA5-8A9B-83D1B2DD5B69}.Release|Any CPU.Build.0 = Release|Any CPU
		{39D01625-F1A8-459F-B5B8-BBED2F60B56E}.Debug|Any CPU.ActiveCfg = Debug|Any CPU
		{39D01625-F1A8-459F-B5B8-BBED2F60B56E}.Debug|Any CPU.Build.0 = Debug|Any CPU
		{39D01625-F1A8-459F-B5B8-BBED2F60B56E}.Release|Any CPU.ActiveCfg = Release|Any CPU
		{39D01625-F1A8-459F-B5B8-BBED2F60B56E}.Release|Any CPU.Build.0 = Release|Any CPU
		{4044233D-3CF1-437D-8994-A1F8939E5E9A}.Debug|Any CPU.ActiveCfg = Debug|Any CPU
		{4044233D-3CF1-437D-8994-A1F8939E5E9A}.Debug|Any CPU.Build.0 = Debug|Any CPU
		{4044233D-3CF1-437D-8994-A1F8939E5E9A}.Release|Any CPU.ActiveCfg = Release|Any CPU
		{4044233D-3CF1-437D-8994-A1F8939E5E9A}.Release|Any CPU.Build.0 = Release|Any CPU
	EndGlobalSection
	GlobalSection(SolutionProperties) = preSolution
		HideSolutionNode = FALSE
	EndGlobalSection
	GlobalSection(NestedProjects) = preSolution
		{C514FA48-7BB9-4EB3-B26E-EF3FAE25317C} = {BB2BDF56-FC94-4F21-90AF-3D2854438658}
		{BEAD81D5-65F9-4B2F-9F17-DEF1D28C2A2C} = {BB2BDF56-FC94-4F21-90AF-3D2854438658}
		{A601847B-144A-4C08-807E-726CE83F9526} = {BB2BDF56-FC94-4F21-90AF-3D2854438658}
		{061E96AB-63AF-4E88-85BE-E4FACFC832B0} = {BB2BDF56-FC94-4F21-90AF-3D2854438658}
		{7A47C53A-AFD0-49EC-925A-365C1113F270} = {BB2BDF56-FC94-4F21-90AF-3D2854438658}
		{08CAD358-BBD8-451A-A368-04A1AB2FEFF6} = {BB2BDF56-FC94-4F21-90AF-3D2854438658}
		{55A4B2E3-0067-4EA5-8A9B-83D1B2DD5B69} = {0D6D84C4-0FC2-4C8C-B59F-40B7A7FEFDBE}
		{39D01625-F1A8-459F-B5B8-BBED2F60B56E} = {0D6D84C4-0FC2-4C8C-B59F-40B7A7FEFDBE}
		{4044233D-3CF1-437D-8994-A1F8939E5E9A} = {0D6D84C4-0FC2-4C8C-B59F-40B7A7FEFDBE}
	EndGlobalSection
	GlobalSection(ExtensibilityGlobals) = postSolution
		SolutionGuid = {10B32158-6E73-4B77-A943-EFAFEA0CC421}
	EndGlobalSection
EndGlobal
