
Microsoft Visual Studio Solution File, Format Version 12.00
# Visual Studio Version 16
VisualStudioVersion = 16.0.28922.388
MinimumVisualStudioVersion = 10.0.40219.1
Project("{9A19103F-16F7-4668-BE54-9A1E7A4F7556}") = "UrlShortener.Web", "UrlShortener.Web\UrlShortener.Web.csproj", "{CE49B982-AD4B-4473-832B-7FE0B10FA10B}"
EndProject
Project("{9A19103F-16F7-4668-BE54-9A1E7A4F7556}") = "UrlShortener.Data", "UrlShortener.Data\UrlShortener.Data.csproj", "{A79C3871-2030-4B01-8D98-5E0928C90C19}"
EndProject
Project("{9A19103F-16F7-4668-BE54-9A1E7A4F7556}") = "UrlShortener.Infrastructure", "UrlShortener.Infrastructure\UrlShortener.Infrastructure.csproj", "{8A55DA61-E252-4104-A839-BBE23872BE20}"
EndProject
Project("{9A19103F-16F7-4668-BE54-9A1E7A4F7556}") = "UrlShortener.Services", "UrlShortener.Services\UrlShortener.Services.csproj", "{3718C8AE-063D-41EE-9931-CA38E4983F99}"
EndProject
Project("{FAE04EC0-301F-11D3-BF4B-00C04F79EFBC}") = "UrlShortener.Models", "UrlShortener.Models\UrlShortener.Models.csproj", "{412BB873-B331-4C3D-B739-0C275A31AE47}"
EndProject
Global
	GlobalSection(SolutionConfigurationPlatforms) = preSolution
		Debug|Any CPU = Debug|Any CPU
		Release|Any CPU = Release|Any CPU
	EndGlobalSection
	GlobalSection(ProjectConfigurationPlatforms) = postSolution
		{CE49B982-AD4B-4473-832B-7FE0B10FA10B}.Debug|Any CPU.ActiveCfg = Debug|Any CPU
		{CE49B982-AD4B-4473-832B-7FE0B10FA10B}.Debug|Any CPU.Build.0 = Debug|Any CPU
		{CE49B982-AD4B-4473-832B-7FE0B10FA10B}.Release|Any CPU.ActiveCfg = Release|Any CPU
		{CE49B982-AD4B-4473-832B-7FE0B10FA10B}.Release|Any CPU.Build.0 = Release|Any CPU
		{A79C3871-2030-4B01-8D98-5E0928C90C19}.Debug|Any CPU.ActiveCfg = Debug|Any CPU
		{A79C3871-2030-4B01-8D98-5E0928C90C19}.Debug|Any CPU.Build.0 = Debug|Any CPU
		{A79C3871-2030-4B01-8D98-5E0928C90C19}.Release|Any CPU.ActiveCfg = Release|Any CPU
		{A79C3871-2030-4B01-8D98-5E0928C90C19}.Release|Any CPU.Build.0 = Release|Any CPU
		{8A55DA61-E252-4104-A839-BBE23872BE20}.Debug|Any CPU.ActiveCfg = Debug|Any CPU
		{8A55DA61-E252-4104-A839-BBE23872BE20}.Debug|Any CPU.Build.0 = Debug|Any CPU
		{8A55DA61-E252-4104-A839-BBE23872BE20}.Release|Any CPU.ActiveCfg = Release|Any CPU
		{8A55DA61-E252-4104-A839-BBE23872BE20}.Release|Any CPU.Build.0 = Release|Any CPU
		{3718C8AE-063D-41EE-9931-CA38E4983F99}.Debug|Any CPU.ActiveCfg = Debug|Any CPU
		{3718C8AE-063D-41EE-9931-CA38E4983F99}.Debug|Any CPU.Build.0 = Debug|Any CPU
		{3718C8AE-063D-41EE-9931-CA38E4983F99}.Release|Any CPU.ActiveCfg = Release|Any CPU
		{3718C8AE-063D-41EE-9931-CA38E4983F99}.Release|Any CPU.Build.0 = Release|Any CPU
		{412BB873-B331-4C3D-B739-0C275A31AE47}.Debug|Any CPU.ActiveCfg = Debug|Any CPU
		{412BB873-B331-4C3D-B739-0C275A31AE47}.Debug|Any CPU.Build.0 = Debug|Any CPU
		{412BB873-B331-4C3D-B739-0C275A31AE47}.Release|Any CPU.ActiveCfg = Release|Any CPU
		{412BB873-B331-4C3D-B739-0C275A31AE47}.Release|Any CPU.Build.0 = Release|Any CPU
	EndGlobalSection
	GlobalSection(SolutionProperties) = preSolution
		HideSolutionNode = FALSE
	EndGlobalSection
	GlobalSection(ExtensibilityGlobals) = postSolution
		SolutionGuid = {10B32158-6E73-4B77-A943-EFAFEA0CC421}
	EndGlobalSection
EndGlobal
